
Microsoft Visual Studio Solution File, Format Version 12.00
# Visual Studio Version 17
VisualStudioVersion = 17.6.33723.286
MinimumVisualStudioVersion = 10.0.40219.1
Project("{9A19103F-16F7-4668-BE54-9A1E7A4F7556}") = "cv_web_application", "cv_web_application.csproj", "{08EDF226-81B7-4658-80ED-31173B807A5A}"
EndProject
Global
	GlobalSection(SolutionConfigurationPlatforms) = preSolution
		Debug|Any CPU = Debug|Any CPU
		Release|Any CPU = Release|Any CPU
	EndGlobalSection
	GlobalSection(ProjectConfigurationPlatforms) = postSolution
		{08EDF226-81B7-4658-80ED-31173B807A5A}.Debug|Any CPU.ActiveCfg = Debug|Any CPU
		{08EDF226-81B7-4658-80ED-31173B807A5A}.Debug|Any CPU.Build.0 = Debug|Any CPU
		{08EDF226-81B7-4658-80ED-31173B807A5A}.Release|Any CPU.ActiveCfg = Release|Any CPU
		{08EDF226-81B7-4658-80ED-31173B807A5A}.Release|Any CPU.Build.0 = Release|Any CPU
	EndGlobalSection
	GlobalSection(SolutionProperties) = preSolution
		HideSolutionNode = FALSE
	EndGlobalSection
	GlobalSection(ExtensibilityGlobals) = postSolution
		SolutionGuid = {675B0AED-3DA8-4FEA-95B4-95C031303609}
	EndGlobalSection
EndGlobal
